{
  "name": "@ghostlygawd/codeweb",
  "version": "0.9.0",
  "lockfileVersion": 3,
  "requires": true,
  "packages": {
    "": {
      "name": "@ghostlygawd/codeweb",
      "version": "0.9.0",
      "license": "MIT",
      "bin": {
        "codeweb": "scripts/run.mjs",
        "codeweb-mcp": "scripts/mcp-server.mjs"
      },
      "engines": {
        "node": ">=20"
      },
      "optionalDependencies": {
        "web-tree-sitter": "0.26.9"
      }
    },
    "node_modules/web-tree-sitter": {
      "version": "0.26.9",
      "resolved": "https://registry.npmjs.org/web-tree-sitter/-/web-tree-sitter-0.26.9.tgz",
      "integrity": "sha512-YJwSHANl6XFgeEjB8nitgj0qZYt5gkIesJ4w2srS2wcLB4GUa4xcOkM0YaMsU6WNR53YVIkDSY7Ej4pf3IXtCA==",
      "license": "MIT",
      "optional": true
    }
  }
}
